github.com/gorilla/mux v1.7.3 h1:gnP5JzjVOuiZD07fKKToCAOjS0yOpj/qPETTXCCS6hw=
github.com/gorilla/mux v1.7.3/go.mod h1:1lud6UwP+6orDFRuTfBEV8e9/aOM/c4fVVCaMa2zaAs=
github.com/kr/pretty v0.0.0-20160823170715-cfb55aafdaf3/go.mod h1:Bvhd+E3laJ0AVkG0c9rmtZcnhV0HQ3+c3YxxqTvc/gA=
github.com/kr/text v0.0.0-20160504234017-7cafcd837844/go.mod h1:sjUstKUATFIcff4qlB53Kml0wQPtJVc/3fWrmuUmcfA=
golang.org/x/crypto v0.0.0-20190308221718-c2843e01d9a2/go.mod h1:djNgcEr1/C05ACkg1iLfiJU5Ep61QUkGW8qpdssI0+w=
golang.org/x/net v0.0.0-20180208041118-f5dfe339be1d/go.mod h1:mL1N/T3taQHkDXs73rZJwtUhF3w3ftmwwsq0BUmARs4=
golang.org/x/net v0.0.0-20191209160850-c0dbc17a3553 h1:efeOvDhwQ29Dj3SdAV/MJf8oukgn+8D8WgaCaRMchF8=
golang.org/x/net v0.0.0-20191209160850-c0dbc17a3553/go.mod h1:z5CRVTTTmAJ677TzLLGU+0bjPO0LkuOLi4/5GtJWs/s=
golang.org/x/sys v0.0.0-20190215142949-d0b11bdaac8a/go.mod h1:STP8DvDyc/dI5b8T5hshtkjS+E42TnysNCUPdjciGhY=
golang.org/x/text v0.3.0/go.mod h1:NqM8EUOU14njkJ3fqMW+pc6Ldnwhi/IjpwHt7yyuwOQ=
zenhack.net/go/sandstorm v0.0.0-20191213192830-2294f25e6742 h1:TExyqxF6n28sNax8rw4WtncYh3YMKjvsZVdNJX1Czao=
zenhack.net/go/sandstorm v0.0.0-20191213192830-2294f25e6742/go.mod h1:nctDv1C0fmgzAe0M/DtptBA/Ug5hSK6MEMkRHExJCNo=
zombiezen.com/go/capnproto2 v2.17.1-0.20180404044107-e89f9b7f0213+incompatible h1:roPDgwVyDDB1/qOcpbXnow3TaR8W8If716DPLOcu4T8=
zombiezen.com/go/capnproto2 v2.17.1-0.20180404044107-e89f9b7f0213+incompatible/go.mod h1:XO5Pr2SbXgqZwn0m0Ru54QBqpOf4K5AYBO+8LAOBQEQ=
zombiezen.com/go/capnproto2 v2.18.0+incompatible h1:mwfXZniffG5mXokQGHUJWGnqIBggoPfT/CEwon9Yess=
zombiezen.com/go/capnproto2 v2.18.0+incompatible/go.mod h1:XO5Pr2SbXgqZwn0m0Ru54QBqpOf4K5AYBO+8LAOBQEQ=
